
Microsoft Visual Studio Solution File, Format Version 12.00
# Visual Studio Version 17
VisualStudioVersion = 17.5.002.0
MinimumVisualStudioVersion = 10.0.40219.1
Project("{9A19103F-16F7-4668-BE54-9A1E7A4F7556}") = "Proje03_Nullable_Reference_type", "Proje03_Nullable_Reference_type.csproj", "{96147241-198D-49BF-B3E1-F5ACABB531D2}"
EndProject
Global
	GlobalSection(SolutionConfigurationPlatforms) = preSolution
		Debug|Any CPU = Debug|Any CPU
		Release|Any CPU = Release|Any CPU
	EndGlobalSection
	GlobalSection(ProjectConfigurationPlatforms) = postSolution
		{96147241-198D-49BF-B3E1-F5ACABB531D2}.Debug|Any CPU.ActiveCfg = Debug|Any CPU
		{96147241-198D-49BF-B3E1-F5ACABB531D2}.Debug|Any CPU.Build.0 = Debug|Any CPU
		{96147241-198D-49BF-B3E1-F5ACABB531D2}.Release|Any CPU.ActiveCfg = Release|Any CPU
		{96147241-198D-49BF-B3E1-F5ACABB531D2}.Release|Any CPU.Build.0 = Release|Any CPU
	EndGlobalSection
	GlobalSection(SolutionProperties) = preSolution
		HideSolutionNode = FALSE
	EndGlobalSection
	GlobalSection(ExtensibilityGlobals) = postSolution
		SolutionGuid = {9DAB6D1D-71F9-4DA6-B445-1341D5F7D361}
	EndGlobalSection
EndGlobal
