
Microsoft Visual Studio Solution File, Format Version 12.00
# Visual Studio Version 17
VisualStudioVersion = 17.5.002.0
MinimumVisualStudioVersion = 10.0.40219.1
Project("{9A19103F-16F7-4668-BE54-9A1E7A4F7556}") = "Proje01_Nullables", "Proje01_Nullables.csproj", "{91383D14-0628-43BD-92C5-9CB6F5899A36}"
EndProject
Global
	GlobalSection(SolutionConfigurationPlatforms) = preSolution
		Debug|Any CPU = Debug|Any CPU
		Release|Any CPU = Release|Any CPU
	EndGlobalSection
	GlobalSection(ProjectConfigurationPlatforms) = postSolution
		{91383D14-0628-43BD-92C5-9CB6F5899A36}.Debug|Any CPU.ActiveCfg = Debug|Any CPU
		{91383D14-0628-43BD-92C5-9CB6F5899A36}.Debug|Any CPU.Build.0 = Debug|Any CPU
		{91383D14-0628-43BD-92C5-9CB6F5899A36}.Release|Any CPU.ActiveCfg = Release|Any CPU
		{91383D14-0628-43BD-92C5-9CB6F5899A36}.Release|Any CPU.Build.0 = Release|Any CPU
	EndGlobalSection
	GlobalSection(SolutionProperties) = preSolution
		HideSolutionNode = FALSE
	EndGlobalSection
	GlobalSection(ExtensibilityGlobals) = postSolution
		SolutionGuid = {DE17B9F5-8592-41DA-BC9F-2CCA89E6FD82}
	EndGlobalSection
EndGlobal
