
Microsoft Visual Studio Solution File, Format Version 12.00
# Visual Studio Version 17
VisualStudioVersion = 17.5.002.0
MinimumVisualStudioVersion = 10.0.40219.1
Project("{9A19103F-16F7-4668-BE54-9A1E7A4F7556}") = "Proje02_Var_Dynamic", "Proje02_Var_Dynamic.csproj", "{5CE61A7A-AA0F-4FA5-908F-713A306A09B6}"
EndProject
Global
	GlobalSection(SolutionConfigurationPlatforms) = preSolution
		Debug|Any CPU = Debug|Any CPU
		Release|Any CPU = Release|Any CPU
	EndGlobalSection
	GlobalSection(ProjectConfigurationPlatforms) = postSolution
		{5CE61A7A-AA0F-4FA5-908F-713A306A09B6}.Debug|Any CPU.ActiveCfg = Debug|Any CPU
		{5CE61A7A-AA0F-4FA5-908F-713A306A09B6}.Debug|Any CPU.Build.0 = Debug|Any CPU
		{5CE61A7A-AA0F-4FA5-908F-713A306A09B6}.Release|Any CPU.ActiveCfg = Release|Any CPU
		{5CE61A7A-AA0F-4FA5-908F-713A306A09B6}.Release|Any CPU.Build.0 = Release|Any CPU
	EndGlobalSection
	GlobalSection(SolutionProperties) = preSolution
		HideSolutionNode = FALSE
	EndGlobalSection
	GlobalSection(ExtensibilityGlobals) = postSolution
		SolutionGuid = {743E5AC0-EDA4-42EF-B01A-A779A277DA29}
	EndGlobalSection
EndGlobal
