
Microsoft Visual Studio Solution File, Format Version 12.00
# Visual Studio Version 17
VisualStudioVersion = 17.0.31903.59
MinimumVisualStudioVersion = 10.0.40219.1
Project("{FAE04EC0-301F-11D3-BF4B-00C04F79EFBC}") = "EShop.Entity", "EShop.Entity\EShop.Entity.csproj", "{A8AFFA60-09AA-4674-9254-22CE6DB2A0BF}"
EndProject
Project("{FAE04EC0-301F-11D3-BF4B-00C04F79EFBC}") = "EShop.Data", "EShop.Data\EShop.Data.csproj", "{DAE286F6-EE79-4F62-B453-7599EC65648A}"
EndProject
Project("{FAE04EC0-301F-11D3-BF4B-00C04F79EFBC}") = "EShop.Business", "EShop.Business\EShop.Business.csproj", "{D159E1C8-A895-4942-A2B2-E457E739121E}"
EndProject
Project("{FAE04EC0-301F-11D3-BF4B-00C04F79EFBC}") = "EShop.Shared", "EShop.Shared\EShop.Shared.csproj", "{AF003FBE-F31E-4C62-886E-ABB4ACA46171}"
EndProject
Project("{FAE04EC0-301F-11D3-BF4B-00C04F79EFBC}") = "EShop.API", "EShop.API\EShop.API.csproj", "{34DD9140-7F69-44E4-94DF-8DE0E7EC6E10}"
EndProject
Global
	GlobalSection(SolutionConfigurationPlatforms) = preSolution
		Debug|Any CPU = Debug|Any CPU
		Release|Any CPU = Release|Any CPU
	EndGlobalSection
	GlobalSection(SolutionProperties) = preSolution
		HideSolutionNode = FALSE
	EndGlobalSection
	GlobalSection(ProjectConfigurationPlatforms) = postSolution
		{A8AFFA60-09AA-4674-9254-22CE6DB2A0BF}.Debug|Any CPU.ActiveCfg = Debug|Any CPU
		{A8AFFA60-09AA-4674-9254-22CE6DB2A0BF}.Debug|Any CPU.Build.0 = Debug|Any CPU
		{A8AFFA60-09AA-4674-9254-22CE6DB2A0BF}.Release|Any CPU.ActiveCfg = Release|Any CPU
		{A8AFFA60-09AA-4674-9254-22CE6DB2A0BF}.Release|Any CPU.Build.0 = Release|Any CPU
		{DAE286F6-EE79-4F62-B453-7599EC65648A}.Debug|Any CPU.ActiveCfg = Debug|Any CPU
		{DAE286F6-EE79-4F62-B453-7599EC65648A}.Debug|Any CPU.Build.0 = Debug|Any CPU
		{DAE286F6-EE79-4F62-B453-7599EC65648A}.Release|Any CPU.ActiveCfg = Release|Any CPU
		{DAE286F6-EE79-4F62-B453-7599EC65648A}.Release|Any CPU.Build.0 = Release|Any CPU
		{D159E1C8-A895-4942-A2B2-E457E739121E}.Debug|Any CPU.ActiveCfg = Debug|Any CPU
		{D159E1C8-A895-4942-A2B2-E457E739121E}.Debug|Any CPU.Build.0 = Debug|Any CPU
		{D159E1C8-A895-4942-A2B2-E457E739121E}.Release|Any CPU.ActiveCfg = Release|Any CPU
		{D159E1C8-A895-4942-A2B2-E457E739121E}.Release|Any CPU.Build.0 = Release|Any CPU
		{AF003FBE-F31E-4C62-886E-ABB4ACA46171}.Debug|Any CPU.ActiveCfg = Debug|Any CPU
		{AF003FBE-F31E-4C62-886E-ABB4ACA46171}.Debug|Any CPU.Build.0 = Debug|Any CPU
		{AF003FBE-F31E-4C62-886E-ABB4ACA46171}.Release|Any CPU.ActiveCfg = Release|Any CPU
		{AF003FBE-F31E-4C62-886E-ABB4ACA46171}.Release|Any CPU.Build.0 = Release|Any CPU
		{34DD9140-7F69-44E4-94DF-8DE0E7EC6E10}.Debug|Any CPU.ActiveCfg = Debug|Any CPU
		{34DD9140-7F69-44E4-94DF-8DE0E7EC6E10}.Debug|Any CPU.Build.0 = Debug|Any CPU
		{34DD9140-7F69-44E4-94DF-8DE0E7EC6E10}.Release|Any CPU.ActiveCfg = Release|Any CPU
		{34DD9140-7F69-44E4-94DF-8DE0E7EC6E10}.Release|Any CPU.Build.0 = Release|Any CPU
	EndGlobalSection
EndGlobal
