
Microsoft Visual Studio Solution File, Format Version 12.00
# Visual Studio Version 17
VisualStudioVersion = 17.5.002.0
MinimumVisualStudioVersion = 10.0.40219.1
Project("{9A19103F-16F7-4668-BE54-9A1E7A4F7556}") = "Proje07_MultiThreading", "Proje07_MultiThreading.csproj", "{0FA84A47-0A69-48BF-AF1F-0BB2DEF16B63}"
EndProject
Global
	GlobalSection(SolutionConfigurationPlatforms) = preSolution
		Debug|Any CPU = Debug|Any CPU
		Release|Any CPU = Release|Any CPU
	EndGlobalSection
	GlobalSection(ProjectConfigurationPlatforms) = postSolution
		{0FA84A47-0A69-48BF-AF1F-0BB2DEF16B63}.Debug|Any CPU.ActiveCfg = Debug|Any CPU
		{0FA84A47-0A69-48BF-AF1F-0BB2DEF16B63}.Debug|Any CPU.Build.0 = Debug|Any CPU
		{0FA84A47-0A69-48BF-AF1F-0BB2DEF16B63}.Release|Any CPU.ActiveCfg = Release|Any CPU
		{0FA84A47-0A69-48BF-AF1F-0BB2DEF16B63}.Release|Any CPU.Build.0 = Release|Any CPU
	EndGlobalSection
	GlobalSection(SolutionProperties) = preSolution
		HideSolutionNode = FALSE
	EndGlobalSection
	GlobalSection(ExtensibilityGlobals) = postSolution
		SolutionGuid = {F05EFF6C-B365-4769-96DD-4833C2FD5319}
	EndGlobalSection
EndGlobal
