
Microsoft Visual Studio Solution File, Format Version 12.00
# Visual Studio Version 17
VisualStudioVersion = 17.5.002.0
MinimumVisualStudioVersion = 10.0.40219.1
Project("{9A19103F-16F7-4668-BE54-9A1E7A4F7556}") = "Proje08_Dependency_Injection", "Proje08_Dependency_Injection.csproj", "{1ECAF311-F410-4C4C-A092-DC0849554E6D}"
EndProject
Global
	GlobalSection(SolutionConfigurationPlatforms) = preSolution
		Debug|Any CPU = Debug|Any CPU
		Release|Any CPU = Release|Any CPU
	EndGlobalSection
	GlobalSection(ProjectConfigurationPlatforms) = postSolution
		{1ECAF311-F410-4C4C-A092-DC0849554E6D}.Debug|Any CPU.ActiveCfg = Debug|Any CPU
		{1ECAF311-F410-4C4C-A092-DC0849554E6D}.Debug|Any CPU.Build.0 = Debug|Any CPU
		{1ECAF311-F410-4C4C-A092-DC0849554E6D}.Release|Any CPU.ActiveCfg = Release|Any CPU
		{1ECAF311-F410-4C4C-A092-DC0849554E6D}.Release|Any CPU.Build.0 = Release|Any CPU
	EndGlobalSection
	GlobalSection(SolutionProperties) = preSolution
		HideSolutionNode = FALSE
	EndGlobalSection
	GlobalSection(ExtensibilityGlobals) = postSolution
		SolutionGuid = {AEEEEDD4-95F4-49B2-9F52-12C9E47531D8}
	EndGlobalSection
EndGlobal
